
Microsoft Visual Studio Solution File, Format Version 11.00
# Visual Studio 2010
Project("{FAE04EC0-301F-11D3-BF4B-00C04F79EFBC}") = "NWNDotNet", "NWNDotNet.csproj", "{78A976C2-7B16-4843-AA2F-619D2F9219E7}"
EndProject
Project("{8BC9CEB8-8B4A-11D0-8D11-00A0C91BC942}") = "nwnx_cool", "C:\Users\Baaleos\NWNX\NWNX_Cool\nwnx_cool\nwnx_cool.vcxproj", "{C488A2ED-636C-4EED-9F03-B91626A6FDD7}"
EndProject
Project("{2150E333-8FDC-42A3-9474-1A3956D46DE8}") = "Solution Items", "Solution Items", "{4045F1E9-8C1F-4116-9CC5-3C24EF5AB022}"
EndProject
Project("{FAE04EC0-301F-11D3-BF4B-00C04F79EFBC}") = "RhunDLL", "C:\Users\Baaleos\TFS\RhunDownloader\RhunDownloader\RhunDLL\RhunDLL.csproj", "{3DAF5882-F38A-4C04-8D22-4C6B7D820B38}"
EndProject
Project("{FAE04EC0-301F-11D3-BF4B-00C04F79EFBC}") = "AsmodeiServices", "G:\Asmodei\AsmodeiPortal\AsmodeiServices\AsmodeiServices.csproj", "{F534E484-2E57-424D-8A4B-36DC8AD1E505}"
EndProject
Global
	GlobalSection(TeamFoundationVersionControl) = preSolution
		SccNumberOfProjects = 3
		SccEnterpriseProvider = {4CA58AB2-18FA-4F8D-95D4-32DDF27D184C}
		SccTeamFoundationServer = http://asmodei.net:8080/tfs/development
		SccProjectUniqueName0 = C:\\Users\\Baaleos\\NWNX\\NWNX_Cool\\nwnx_cool\\nwnx_cool.vcxproj
		SccProjectName0 = $/NWNX/NWNX_Cool/nwnx_cool
		SccAuxPath0 = http://asmodei.net:8080/tfs/development
		SccLocalPath0 = C:\\Users\\Baaleos\\NWNX\\NWNX_Cool\\nwnx_cool
		SccProvider0 = {4CA58AB2-18FA-4F8D-95D4-32DDF27D184C}
		SccProjectUniqueName1 = C:\\Users\\Baaleos\\TFS\\RhunDownloader\\RhunDownloader\\RhunDLL\\RhunDLL.csproj
		SccProjectName1 = $/Rhun/RhunDLL
		SccAuxPath1 = http://asmodei.net:8080/tfs/development
		SccLocalPath1 = C:\\Users\\Baaleos\\TFS\\RhunDownloader\\RhunDownloader\\RhunDLL
		SccProvider1 = {4CA58AB2-18FA-4F8D-95D4-32DDF27D184C}
		SccProjectUniqueName2 = G:\\Asmodei\\AsmodeiPortal\\AsmodeiServices\\AsmodeiServices.csproj
		SccProjectName2 = $/Asmodei/AsmodeiPortal/AsmodeiServices
		SccAuxPath2 = http://asmodei.net:8080/tfs/development
		SccLocalPath2 = G:\\Asmodei\\AsmodeiPortal\\AsmodeiServices
		SccProvider2 = {4CA58AB2-18FA-4F8D-95D4-32DDF27D184C}
	EndGlobalSection
	GlobalSection(SolutionConfigurationPlatforms) = preSolution
		Debug|Any CPU = Debug|Any CPU
		Debug|Mixed Platforms = Debug|Mixed Platforms
		Debug|Win32 = Debug|Win32
		Release|Any CPU = Release|Any CPU
		Release|Mixed Platforms = Release|Mixed Platforms
		Release|Win32 = Release|Win32
	EndGlobalSection
	GlobalSection(ProjectConfigurationPlatforms) = postSolution
		{78A976C2-7B16-4843-AA2F-619D2F9219E7}.Debug|Any CPU.ActiveCfg = Debug|Any CPU
		{78A976C2-7B16-4843-AA2F-619D2F9219E7}.Debug|Any CPU.Build.0 = Debug|Any CPU
		{78A976C2-7B16-4843-AA2F-619D2F9219E7}.Debug|Mixed Platforms.ActiveCfg = Debug|Any CPU
		{78A976C2-7B16-4843-AA2F-619D2F9219E7}.Debug|Mixed Platforms.Build.0 = Debug|Any CPU
		{78A976C2-7B16-4843-AA2F-619D2F9219E7}.Debug|Win32.ActiveCfg = Debug|Any CPU
		{78A976C2-7B16-4843-AA2F-619D2F9219E7}.Release|Any CPU.ActiveCfg = Release|Any CPU
		{78A976C2-7B16-4843-AA2F-619D2F9219E7}.Release|Any CPU.Build.0 = Release|Any CPU
		{78A976C2-7B16-4843-AA2F-619D2F9219E7}.Release|Mixed Platforms.ActiveCfg = Release|Any CPU
		{78A976C2-7B16-4843-AA2F-619D2F9219E7}.Release|Mixed Platforms.Build.0 = Release|Any CPU
		{78A976C2-7B16-4843-AA2F-619D2F9219E7}.Release|Win32.ActiveCfg = Release|Any CPU
		{C488A2ED-636C-4EED-9F03-B91626A6FDD7}.Debug|Any CPU.ActiveCfg = Debug|Win32
		{C488A2ED-636C-4EED-9F03-B91626A6FDD7}.Debug|Mixed Platforms.ActiveCfg = Debug|Win32
		{C488A2ED-636C-4EED-9F03-B91626A6FDD7}.Debug|Mixed Platforms.Build.0 = Debug|Win32
		{C488A2ED-636C-4EED-9F03-B91626A6FDD7}.Debug|Win32.ActiveCfg = Debug|Win32
		{C488A2ED-636C-4EED-9F03-B91626A6FDD7}.Debug|Win32.Build.0 = Debug|Win32
		{C488A2ED-636C-4EED-9F03-B91626A6FDD7}.Release|Any CPU.ActiveCfg = Release|Win32
		{C488A2ED-636C-4EED-9F03-B91626A6FDD7}.Release|Mixed Platforms.ActiveCfg = Release|Win32
		{C488A2ED-636C-4EED-9F03-B91626A6FDD7}.Release|Mixed Platforms.Build.0 = Release|Win32
		{C488A2ED-636C-4EED-9F03-B91626A6FDD7}.Release|Win32.ActiveCfg = Release|Win32
		{C488A2ED-636C-4EED-9F03-B91626A6FDD7}.Release|Win32.Build.0 = Release|Win32
		{3DAF5882-F38A-4C04-8D22-4C6B7D820B38}.Debug|Any CPU.ActiveCfg = Debug|Any CPU
		{3DAF5882-F38A-4C04-8D22-4C6B7D820B38}.Debug|Any CPU.Build.0 = Debug|Any CPU
		{3DAF5882-F38A-4C04-8D22-4C6B7D820B38}.Debug|Mixed Platforms.ActiveCfg = Debug|Any CPU
		{3DAF5882-F38A-4C04-8D22-4C6B7D820B38}.Debug|Mixed Platforms.Build.0 = Debug|Any CPU
		{3DAF5882-F38A-4C04-8D22-4C6B7D820B38}.Debug|Win32.ActiveCfg = Debug|Any CPU
		{3DAF5882-F38A-4C04-8D22-4C6B7D820B38}.Release|Any CPU.ActiveCfg = Release|Any CPU
		{3DAF5882-F38A-4C04-8D22-4C6B7D820B38}.Release|Any CPU.Build.0 = Release|Any CPU
		{3DAF5882-F38A-4C04-8D22-4C6B7D820B38}.Release|Mixed Platforms.ActiveCfg = Release|Any CPU
		{3DAF5882-F38A-4C04-8D22-4C6B7D820B38}.Release|Mixed Platforms.Build.0 = Release|Any CPU
		{3DAF5882-F38A-4C04-8D22-4C6B7D820B38}.Release|Win32.ActiveCfg = Release|Any CPU
		{F534E484-2E57-424D-8A4B-36DC8AD1E505}.Debug|Any CPU.ActiveCfg = Debug|Any CPU
		{F534E484-2E57-424D-8A4B-36DC8AD1E505}.Debug|Any CPU.Build.0 = Debug|Any CPU
		{F534E484-2E57-424D-8A4B-36DC8AD1E505}.Debug|Mixed Platforms.ActiveCfg = Debug|Any CPU
		{F534E484-2E57-424D-8A4B-36DC8AD1E505}.Debug|Mixed Platforms.Build.0 = Debug|Any CPU
		{F534E484-2E57-424D-8A4B-36DC8AD1E505}.Debug|Win32.ActiveCfg = Debug|Any CPU
		{F534E484-2E57-424D-8A4B-36DC8AD1E505}.Release|Any CPU.ActiveCfg = Release|Any CPU
		{F534E484-2E57-424D-8A4B-36DC8AD1E505}.Release|Any CPU.Build.0 = Release|Any CPU
		{F534E484-2E57-424D-8A4B-36DC8AD1E505}.Release|Mixed Platforms.ActiveCfg = Release|Any CPU
		{F534E484-2E57-424D-8A4B-36DC8AD1E505}.Release|Mixed Platforms.Build.0 = Release|Any CPU
		{F534E484-2E57-424D-8A4B-36DC8AD1E505}.Release|Win32.ActiveCfg = Release|Any CPU
	EndGlobalSection
	GlobalSection(SolutionProperties) = preSolution
		HideSolutionNode = FALSE
	EndGlobalSection
EndGlobal
